// !$*UTF8*$!
{
	archiveVersion = 1;
	classes = {
	};
	objectVersion = 46;
	objects = {

/* Begin PBXBuildFile section */
		C03502831E441B15008796E7 /* .gitignore in Resources */ = {isa = PBXBuildFile; fileRef = C03502821E441B15008796E7 /* .gitignore */; };
		C041B1D01E341A310021DEA4 /* AppDelegate.swift in Sources */ = {isa = PBXBuildFile; fileRef = C041B1CF1E341A310021DEA4 /* AppDelegate.swift */; };
		C041B1D51E341A310021DEA4 /* Main.storyboard in Resources */ = {isa = PBXBuildFile; fileRef = C041B1D31E341A310021DEA4 /* Main.storyboard */; };
		C041B1D71E341A310021DEA4 /* Assets.xcassets in Resources */ = {isa = PBXBuildFile; fileRef = C041B1D61E341A310021DEA4 /* Assets.xcassets */; };
		C041B1DA1E341A310021DEA4 /* LaunchScreen.storyboard in Resources */ = {isa = PBXBuildFile; fileRef = C041B1D81E341A310021DEA4 /* LaunchScreen.storyboard */; };
		C041B1E41E3435310021DEA4 /* StoreChatVC.swift in Sources */ = {isa = PBXBuildFile; fileRef = C041B1E31E3435310021DEA4 /* StoreChatVC.swift */; };
/* End PBXBuildFile section */

/* Begin PBXFileReference section */
		C03502821E441B15008796E7 /* .gitignore */ = {isa = PBXFileReference; fileEncoding = 4; lastKnownFileType = text; path = .gitignore; sourceTree = "<group>"; };
		C041B1CC1E341A310021DEA4 /* Shop.app */ = {isa = PBXFileReference; explicitFileType = wrapper.application; includeInIndex = 0; path = Shop.app; sourceTree = BUILT_PRODUCTS_DIR; };
		C041B1CF1E341A310021DEA4 /* AppDelegate.swift */ = {isa = PBXFileReference; lastKnownFileType = sourcecode.swift; path = AppDelegate.swift; sourceTree = "<group>"; };
		C041B1D41E341A310021DEA4 /* Base */ = {isa = PBXFileReference; lastKnownFileType = file.storyboard; name = Base; path = Base.lproj/Main.storyboard; sourceTree = "<group>"; };
		C041B1D61E341A310021DEA4 /* Assets.xcassets */ = {isa = PBXFileReference; lastKnownFileType = folder.assetcatalog; path = Assets.xcassets; sourceTree = "<group>"; };
		C041B1D91E341A310021DEA4 /* Base */ = {isa = PBXFileReference; lastKnownFileType = file.storyboard; name = Base; path = Base.lproj/LaunchScreen.storyboard; sourceTree = "<group>"; };
		C041B1DB1E341A310021DEA4 /* Info.plist */ = {isa = PBXFileReference; lastKnownFileType = text.plist.xml; path = Info.plist; sourceTree = "<group>"; };
		C041B1E31E3435310021DEA4 /* StoreChatVC.swift */ = {isa = PBXFileReference; fileEncoding = 4; lastKnownFileType = sourcecode.swift; path = StoreChatVC.swift; sourceTree = "<group>"; };
/* End PBXFileReference section */

/* Begin PBXFrameworksBuildPhase section */
		C041B1C91E341A310021DEA4 /* Frameworks */ = {
			isa = PBXFrameworksBuildPhase;
			buildActionMask = 2147483647;
			files = (
			);
			runOnlyForDeploymentPostprocessing = 0;
		};
/* End PBXFrameworksBuildPhase section */

/* Begin PBXGroup section */
		C041B1C31E341A310021DEA4 = {
			isa = PBXGroup;
			children = (
				C041B1CE1E341A310021DEA4 /* Shop */,
				C041B1CD1E341A310021DEA4 /* Products */,
			);
			sourceTree = "<group>";
		};
		C041B1CD1E341A310021DEA4 /* Products */ = {
			isa = PBXGroup;
			children = (
				C041B1CC1E341A310021DEA4 /* Shop.app */,
			);
			name = Products;
			sourceTree = "<group>";
		};
		C041B1CE1E341A310021DEA4 /* Shop */ = {
			isa = PBXGroup;
			children = (
				C041B1CF1E341A310021DEA4 /* AppDelegate.swift */,
				C041B1E31E3435310021DEA4 /* StoreChatVC.swift */,
				C041B1D31E341A310021DEA4 /* Main.storyboard */,
				C041B1D61E341A310021DEA4 /* Assets.xcassets */,
				C041B1D81E341A310021DEA4 /* LaunchScreen.storyboard */,
				C041B1DB1E341A310021DEA4 /* Info.plist */,
				C03502821E441B15008796E7 /* .gitignore */,
			);
			path = Shop;
			sourceTree = "<group>";
		};
/* End PBXGroup section */

/* Begin PBXNativeTarget section */
		C041B1CB1E341A310021DEA4 /* Shop */ = {
			isa = PBXNativeTarget;
			buildConfigurationList = C041B1DE1E341A310021DEA4 /* Build configuration list for PBXNativeTarget "Shop" */;
			buildPhases = (
				C041B1C81E341A310021DEA4 /* Sources */,
				C041B1C91E341A310021DEA4 /* Frameworks */,
				C041B1CA1E341A310021DEA4 /* Resources */,
			);
			buildRules = (
			);
			dependencies = (
			);
			name = Shop;
			productName = Shop;
			productReference = C041B1CC1E341A310021DEA4 /* Shop.app */;
			productType = "com.apple.product-type.application";
		};
/* End PBXNativeTarget section */

/* Begin PBXProject section */
		C041B1C41E341A310021DEA4 /* Project object */ = {
			isa = PBXProject;
			attributes = {
				LastSwiftUpdateCheck = 0820;
				LastUpgradeCheck = 0820;
				ORGANIZATIONNAME = DonovanCotter;
				TargetAttributes = {
					C041B1CB1E341A310021DEA4 = {
						CreatedOnToolsVersion = 8.2.1;
						ProvisioningStyle = Automatic;
					};
				};
			};
			buildConfigurationList = C041B1C71E341A310021DEA4 /* Build configuration list for PBXProject "Shop" */;
			compatibilityVersion = "Xcode 3.2";
			developmentRegion = English;
			hasScannedForEncodings = 0;
			knownRegions = (
				en,
				Base,
			);
			mainGroup = C041B1C31E341A310021DEA4;
			productRefGroup = C041B1CD1E341A310021DEA4 /* Products */;
			projectDirPath = "";
			projectRoot = "";
			targets = (
				C041B1CB1E341A310021DEA4 /* Shop */,
			);
		};
/* End PBXProject section */

/* Begin PBXResourcesBuildPhase section */
		C041B1CA1E341A310021DEA4 /* Resources */ = {
			isa = PBXResourcesBuildPhase;
			buildActionMask = 2147483647;
			files = (
				C03502831E441B15008796E7 /* .gitignore in Resources */,
				C041B1DA1E341A310021DEA4 /* LaunchScreen.storyboard in Resources */,
				C041B1D71E341A310021DEA4 /* Assets.xcassets in Resources */,
				C041B1D51E341A310021DEA4 /* Main.storyboard in Resources */,
			);
			runOnlyForDeploymentPostprocessing = 0;
		};
/* End PBXResourcesBuildPhase section */

/* Begin PBXSourcesBuildPhase section */
		C041B1C81E341A310021DEA4 /* Sources */ = {
			isa = PBXSourcesBuildPhase;
			buildActionMask = 2147483647;
			files = (
				C041B1E41E3435310021DEA4 /* StoreChatVC.swift in Sources */,
				C041B1D01E341A310021DEA4 /* AppDelegate.swift in Sources */,
			);
			runOnlyForDeploymentPostprocessing = 0;
		};
/* End PBXSourcesBuildPhase section */

/* Begin PBXVariantGroup section */
		C041B1D31E341A310021DEA4 /* Main.storyboard */ = {
			isa = PBXVariantGroup;
			children = (
				C041B1D41E341A310021DEA4 /* Base */,
			);
			name = Main.storyboard;
			sourceTree = "<group>";
		};
		C041B1D81E341A310021DEA4 /* LaunchScreen.storyboard */ = {
			isa = PBXVariantGroup;
			children = (
				C041B1D91E341A310021DEA4 /* Base */,
			);
			name = LaunchScreen.storyboard;
			sourceTree = "<group>";
		};
/* End PBXVariantGroup section */

/* Begin XCBuildConfiguration section */
		C041B1DC1E341A310021DEA4 /* Debug */ = {
			isa = XCBuildConfiguration;
			buildSettings = {
				ALWAYS_SEARCH_USER_PATHS = NO;
				CLANG_ANALYZER_NONNULL = YES;
				CLANG_CXX_LANGUAGE_STANDARD = "gnu++0x";
				CLANG_CXX_LIBRARY = "libc++";
				CLANG_ENABLE_MODULES = YES;
				CLANG_ENABLE_OBJC_ARC = YES;
				CLANG_WARN_BOOL_CONVERSION = YES;
				CLANG_WARN_CONSTANT_CONVERSION = YES;
				CLANG_WARN_DIRECT_OBJC_ISA_USAGE = YES_ERROR;
				CLANG_WARN_DOCUMENTATION_COMMENTS = YES;
				CLANG_WARN_EMPTY_BODY = YES;
				CLANG_WARN_ENUM_CONVERSION = YES;
				CLANG_WARN_INFINITE_RECURSION = YES;
				CLANG_WARN_INT_CONVERSION = YES;
				CLANG_WARN_OBJC_ROOT_CLASS = YES_ERROR;
				CLANG_WARN_SUSPICIOUS_MOVE = YES;
				CLANG_WARN_UNREACHABLE_CODE = YES;
				CLANG_WARN__DUPLICATE_METHOD_MATCH = YES;
				"CODE_SIGN_IDENTITY[sdk=iphoneos*]" = "iPhone Developer";
				COPY_PHASE_STRIP = NO;
				DEBUG_INFORMATION_FORMAT = dwarf;
				ENABLE_STRICT_OBJC_MSGSEND = YES;
				ENABLE_TESTABILITY = YES;
				GCC_C_LANGUAGE_STANDARD = gnu99;
				GCC_DYNAMIC_NO_PIC = NO;
				GCC_NO_COMMON_BLOCKS = YES;
				GCC_OPTIMIZATION_LEVEL = 0;
				GCC_PREPROCESSOR_DEFINITIONS = (
					"DEBUG=1",
					"$(inherited)",
				);
				GCC_WARN_64_TO_32_BIT_CONVERSION = YES;
				GCC_WARN_ABOUT_RETURN_TYPE = YES_ERROR;
				GCC_WARN_UNDECLARED_SELECTOR = YES;
				GCC_WARN_UNINITIALIZED_AUTOS = YES_AGGRESSIVE;
				GCC_WARN_UNUSED_FUNCTION = YES;
				GCC_WARN_UNUSED_VARIABLE = YES;
				IPHONEOS_DEPLOYMENT_TARGET = 10.2;
				MTL_ENABLE_DEBUG_INFO = YES;
				ONLY_ACTIVE_ARCH = YES;
				SDKROOT = iphoneos;
				SWIFT_ACTIVE_COMPILATION_CONDITIONS = DEBUG;
				SWIFT_OPTIMIZATION_LEVEL = "-Onone";
				TARGETED_DEVICE_FAMILY = "1,2";
			};
			name = Debug;
		};
		C041B1DD1E341A310021DEA4 /* Release */ = {
			isa = XCBuildConfiguration;
			buildSettings = {
				ALWAYS_SEARCH_USER_PATHS = NO;
				CLANG_ANALYZER_NONNULL = YES;
				CLANG_CXX_LANGUAGE_STANDARD = "gnu++0x";
				CLANG_CXX_LIBRARY = "libc++";
				CLANG_ENABLE_MODULES = YES;
				CLANG_ENABLE_OBJC_ARC = YES;
				CLANG_WARN_BOOL_CONVERSION = YES;
				CLANG_WARN_CONSTANT_CONVERSION = YES;
				CLANG_WARN_DIRECT_OBJC_ISA_USAGE = YES_ERROR;
				CLANG_WARN_DOCUMENTATION_COMMENTS = YES;
				CLANG_WARN_EMPTY_BODY = YES;
				CLANG_WARN_ENUM_CONVERSION = YES;
				CLANG_WARN_INFINITE_RECURSION = YES;
				CLANG_WARN_INT_CONVERSION = YES;
				CLANG_WARN_OBJC_ROOT_CLASS = YES_ERROR;
				CLANG_WARN_SUSPICIOUS_MOVE = YES;
				CLANG_WARN_UNREACHABLE_CODE = YES;
				CLANG_WARN__DUPLICATE_METHOD_MATCH = YES;
				"CODE_SIGN_IDENTITY[sdk=iphoneos*]" = "iPhone Developer";
				COPY_PHASE_STRIP = NO;
				DEBUG_INFORMATION_FORMAT = "dwarf-with-dsym";
				ENABLE_NS_ASSERTIONS = NO;
				ENABLE_STRICT_OBJC_MSGSEND = YES;
				GCC_C_LANGUAGE_STANDARD = gnu99;
				GCC_NO_COMMON_BLOCKS = YES;
				GCC_WARN_64_TO_32_BIT_CONVERSION = YES;
				GCC_WARN_ABOUT_RETURN_TYPE = YES_ERROR;
				GCC_WARN_UNDECLARED_SELECTOR = YES;
				GCC_WARN_UNINITIALIZED_AUTOS = YES_AGGRESSIVE;
				GCC_WARN_UNUSED_FUNCTION = YES;
				GCC_WARN_UNUSED_VARIABLE = YES;
				IPHONEOS_DEPLOYMENT_TARGET = 10.2;
				MTL_ENABLE_DEBUG_INFO = NO;
				SDKROOT = iphoneos;
				SWIFT_OPTIMIZATION_LEVEL = "-Owholemodule";
				TARGETED_DEVICE_FAMILY = "1,2";
				VALIDATE_PRODUCT = YES;
			};
			name = Release;
		};
		C041B1DF1E341A310021DEA4 /* Debug */ = {
			isa = XCBuildConfiguration;
			buildSettings = {
				ASSETCATALOG_COMPILER_APPICON_NAME = AppIcon;
				INFOPLIST_FILE = Shop/Info.plist;
				LD_RUNPATH_SEARCH_PATHS = "$(inherited) @executable_path/Frameworks";
				PRODUCT_BUNDLE_IDENTIFIER = com.donovan.cotter.Shop;
				PRODUCT_NAME = "$(TARGET_NAME)";
				SWIFT_VERSION = 3.0;
			};
			name = Debug;
		};
		C041B1E01E341A310021DEA4 /* Release */ = {
			isa = XCBuildConfiguration;
			buildSettings = {
				ASSETCATALOG_COMPILER_APPICON_NAME = AppIcon;
				INFOPLIST_FILE = Shop/Info.plist;
				LD_RUNPATH_SEARCH_PATHS = "$(inherited) @executable_path/Frameworks";
				PRODUCT_BUNDLE_IDENTIFIER = com.donovan.cotter.Shop;
				PRODUCT_NAME = "$(TARGET_NAME)";
				SWIFT_VERSION = 3.0;
			};
			name = Release;
		};
/* End XCBuildConfiguration section */

/* Begin XCConfigurationList section */
		C041B1C71E341A310021DEA4 /* Build configuration list for PBXProject "Shop" */ = {
			isa = XCConfigurationList;
			buildConfigurations = (
				C041B1DC1E341A310021DEA4 /* Debug */,
				C041B1DD1E341A310021DEA4 /* Release */,
			);
			defaultConfigurationIsVisible = 0;
			defaultConfigurationName = Release;
		};
		C041B1DE1E341A310021DEA4 /* Build configuration list for PBXNativeTarget "Shop" */ = {
			isa = XCConfigurationList;
			buildConfigurations = (
				C041B1DF1E341A310021DEA4 /* Debug */,
				C041B1E01E341A310021DEA4 /* Release */,
			);
			defaultConfigurationIsVisible = 0;
			defaultConfigurationName = Release;
		};
/* End XCConfigurationList section */
	};
	rootObject = C041B1C41E341A310021DEA4 /* Project object */;
}
